// !$*UTF8*$!
{
	archiveVersion = 1;
	classes = {
	};
	objectVersion = 50;
	objects = {

/* Begin PBXBuildFile section */
		E8392CB521B62A1C0051D4F7 /* Building.cpp in Sources */ = {isa = PBXBuildFile; fileRef = E8392CB121B62A1B0051D4F7 /* Building.cpp */; };
		E8392CB621B62A1C0051D4F7 /* Street.cpp in Sources */ = {isa = PBXBuildFile; fileRef = E8392CB221B62A1C0051D4F7 /* Street.cpp */; };
		E84F890E219F914C00FECB69 /* OpenGL.framework in Frameworks */ = {isa = PBXBuildFile; fileRef = E84F890D219F914C00FECB69 /* OpenGL.framework */; };
		E84F8910219F915200FECB69 /* GLUT.framework in Frameworks */ = {isa = PBXBuildFile; fileRef = E84F890F219F915200FECB69 /* GLUT.framework */; };
		E84F8921219F91AF00FECB69 /* DroneArm.cpp in Sources */ = {isa = PBXBuildFile; fileRef = E84F8913219F91AE00FECB69 /* DroneArm.cpp */; };
		E84F8922219F91AF00FECB69 /* Drone.cpp in Sources */ = {isa = PBXBuildFile; fileRef = E84F8916219F91AE00FECB69 /* Drone.cpp */; };
		E84F8924219F91AF00FECB69 /* main.cpp in Sources */ = {isa = PBXBuildFile; fileRef = E84F891B219F91AF00FECB69 /* main.cpp */; };
		E84F8925219F91AF00FECB69 /* Propeller.cpp in Sources */ = {isa = PBXBuildFile; fileRef = E84F891E219F91AF00FECB69 /* Propeller.cpp */; };
		E84F892F21A09FC300FECB69 /* Vector3D.cpp in Sources */ = {isa = PBXBuildFile; fileRef = E84F892D21A09FC300FECB69 /* Vector3D.cpp */; };
		E84F893421A0A92900FECB69 /* PrismMesh.cpp in Sources */ = {isa = PBXBuildFile; fileRef = E84F893021A0A92900FECB69 /* PrismMesh.cpp */; };
		E84F893521A0A92900FECB69 /* Polygon.cpp in Sources */ = {isa = PBXBuildFile; fileRef = E84F893221A0A92900FECB69 /* Polygon.cpp */; };
		E84F893821A0C5C000FECB69 /* Camera.cpp in Sources */ = {isa = PBXBuildFile; fileRef = E84F893621A0C5C000FECB69 /* Camera.cpp */; };
		E84F895121A781AF00FECB69 /* Spline.cpp in Sources */ = {isa = PBXBuildFile; fileRef = E84F895021A781AF00FECB69 /* Spline.cpp */; };
		E84F895621A8898000FECB69 /* Vector2D.cpp in Sources */ = {isa = PBXBuildFile; fileRef = E84F895421A8898000FECB69 /* Vector2D.cpp */; };
		E84F897421AF562E00FECB69 /* Stb_image.cpp in Sources */ = {isa = PBXBuildFile; fileRef = E84F897321AF562E00FECB69 /* Stb_image.cpp */; };
		E84F897A21B04D5200FECB69 /* Missile.cpp in Sources */ = {isa = PBXBuildFile; fileRef = E84F897821B04D5200FECB69 /* Missile.cpp */; };
		E88D5E1E21B0D8C00068214D /* DroneAI.cpp in Sources */ = {isa = PBXBuildFile; fileRef = E88D5E1C21B0D8C00068214D /* DroneAI.cpp */; };
/* End PBXBuildFile section */

/* Begin PBXCopyFilesBuildPhase section */
		E84F8900219F90DD00FECB69 /* CopyFiles */ = {
			isa = PBXCopyFilesBuildPhase;
			buildActionMask = 2147483647;
			dstPath = /usr/share/man/man1/;
			dstSubfolderSpec = 0;
			files = (
			);
			runOnlyForDeploymentPostprocessing = 1;
		};
/* End PBXCopyFilesBuildPhase section */

/* Begin PBXFileReference section */
		E8107E4421B4E45200D0558F /* fShader.glsl */ = {isa = PBXFileReference; fileEncoding = 4; lastKnownFileType = text; path = fShader.glsl; sourceTree = "<group>"; };
		E8107E4521B4E45200D0558F /* vShader.glsl */ = {isa = PBXFileReference; fileEncoding = 4; lastKnownFileType = text; path = vShader.glsl; sourceTree = "<group>"; };
		E82270B921B0C3FC0037E2B8 /* missileTex1.bmp */ = {isa = PBXFileReference; lastKnownFileType = image.bmp; path = missileTex1.bmp; sourceTree = "<group>"; };
		E8392CB121B62A1B0051D4F7 /* Building.cpp */ = {isa = PBXFileReference; fileEncoding = 4; lastKnownFileType = sourcecode.cpp.cpp; path = Building.cpp; sourceTree = "<group>"; };
		E8392CB221B62A1C0051D4F7 /* Street.cpp */ = {isa = PBXFileReference; fileEncoding = 4; lastKnownFileType = sourcecode.cpp.cpp; path = Street.cpp; sourceTree = "<group>"; };
		E8392CB321B62A1C0051D4F7 /* Building.hpp */ = {isa = PBXFileReference; fileEncoding = 4; lastKnownFileType = sourcecode.cpp.h; path = Building.hpp; sourceTree = "<group>"; };
		E8392CB421B62A1C0051D4F7 /* Street.hpp */ = {isa = PBXFileReference; fileEncoding = 4; lastKnownFileType = sourcecode.cpp.h; path = Street.hpp; sourceTree = "<group>"; };
		E84F8902219F90DD00FECB69 /* CityBattleDrones */ = {isa = PBXFileReference; explicitFileType = "compiled.mach-o.executable"; includeInIndex = 0; path = CityBattleDrones; sourceTree = BUILT_PRODUCTS_DIR; };
		E84F890D219F914C00FECB69 /* OpenGL.framework */ = {isa = PBXFileReference; lastKnownFileType = wrapper.framework; name = OpenGL.framework; path = System/Library/Frameworks/OpenGL.framework; sourceTree = SDKROOT; };
		E84F890F219F915200FECB69 /* GLUT.framework */ = {isa = PBXFileReference; lastKnownFileType = wrapper.framework; name = GLUT.framework; path = System/Library/Frameworks/GLUT.framework; sourceTree = SDKROOT; };
		E84F8913219F91AE00FECB69 /* DroneArm.cpp */ = {isa = PBXFileReference; fileEncoding = 4; lastKnownFileType = sourcecode.cpp.cpp; path = DroneArm.cpp; sourceTree = "<group>"; };
		E84F8914219F91AE00FECB69 /* Drone.hpp */ = {isa = PBXFileReference; fileEncoding = 4; lastKnownFileType = sourcecode.cpp.h; path = Drone.hpp; sourceTree = "<group>"; };
		E84F8916219F91AE00FECB69 /* Drone.cpp */ = {isa = PBXFileReference; fileEncoding = 4; lastKnownFileType = sourcecode.cpp.cpp; path = Drone.cpp; sourceTree = "<group>"; };
		E84F891B219F91AF00FECB69 /* main.cpp */ = {isa = PBXFileReference; fileEncoding = 4; lastKnownFileType = sourcecode.cpp.cpp; path = main.cpp; sourceTree = "<group>"; };
		E84F891C219F91AF00FECB69 /* DroneArm.hpp */ = {isa = PBXFileReference; fileEncoding = 4; lastKnownFileType = sourcecode.cpp.h; path = DroneArm.hpp; sourceTree = "<group>"; };
		E84F891D219F91AF00FECB69 /* Propeller.hpp */ = {isa = PBXFileReference; fileEncoding = 4; lastKnownFileType = sourcecode.cpp.h; path = Propeller.hpp; sourceTree = "<group>"; };
		E84F891E219F91AF00FECB69 /* Propeller.cpp */ = {isa = PBXFileReference; fileEncoding = 4; lastKnownFileType = sourcecode.cpp.cpp; path = Propeller.cpp; sourceTree = "<group>"; };
		E84F892D21A09FC300FECB69 /* Vector3D.cpp */ = {isa = PBXFileReference; fileEncoding = 4; lastKnownFileType = sourcecode.cpp.cpp; path = Vector3D.cpp; sourceTree = "<group>"; };
		E84F892E21A09FC300FECB69 /* Vector3D.hpp */ = {isa = PBXFileReference; fileEncoding = 4; lastKnownFileType = sourcecode.cpp.h; path = Vector3D.hpp; sourceTree = "<group>"; };
		E84F893021A0A92900FECB69 /* PrismMesh.cpp */ = {isa = PBXFileReference; fileEncoding = 4; lastKnownFileType = sourcecode.cpp.cpp; path = PrismMesh.cpp; sourceTree = "<group>"; };
		E84F893121A0A92900FECB69 /* Polygon.hpp */ = {isa = PBXFileReference; fileEncoding = 4; lastKnownFileType = sourcecode.cpp.h; path = Polygon.hpp; sourceTree = "<group>"; };
		E84F893221A0A92900FECB69 /* Polygon.cpp */ = {isa = PBXFileReference; fileEncoding = 4; lastKnownFileType = sourcecode.cpp.cpp; path = Polygon.cpp; sourceTree = "<group>"; };
		E84F893321A0A92900FECB69 /* PrismMesh.hpp */ = {isa = PBXFileReference; fileEncoding = 4; lastKnownFileType = sourcecode.cpp.h; path = PrismMesh.hpp; sourceTree = "<group>"; };
		E84F893621A0C5C000FECB69 /* Camera.cpp */ = {isa = PBXFileReference; fileEncoding = 4; lastKnownFileType = sourcecode.cpp.cpp; path = Camera.cpp; sourceTree = "<group>"; };
		E84F893721A0C5C000FECB69 /* Camera.hpp */ = {isa = PBXFileReference; fileEncoding = 4; lastKnownFileType = sourcecode.cpp.h; path = Camera.hpp; sourceTree = "<group>"; };
		E84F894221A265BF00FECB69 /* redMetal2.bmp */ = {isa = PBXFileReference; lastKnownFileType = image.bmp; path = redMetal2.bmp; sourceTree = "<group>"; };
		E84F895021A781AF00FECB69 /* Spline.cpp */ = {isa = PBXFileReference; fileEncoding = 4; lastKnownFileType = sourcecode.cpp.cpp; path = Spline.cpp; sourceTree = "<group>"; };
		E84F895421A8898000FECB69 /* Vector2D.cpp */ = {isa = PBXFileReference; lastKnownFileType = sourcecode.cpp.cpp; path = Vector2D.cpp; sourceTree = "<group>"; };
		E84F895521A8898000FECB69 /* Vector2D.hpp */ = {isa = PBXFileReference; lastKnownFileType = sourcecode.cpp.h; path = Vector2D.hpp; sourceTree = "<group>"; };
		E84F895B21A8DE9D00FECB69 /* floorTex1.bmp */ = {isa = PBXFileReference; lastKnownFileType = image.bmp; path = floorTex1.bmp; sourceTree = "<group>"; };
		E84F895C21A8E00200FECB69 /* floorTex2.bmp */ = {isa = PBXFileReference; lastKnownFileType = image.bmp; path = floorTex2.bmp; sourceTree = "<group>"; };
		E84F895F21A8E2B700FECB69 /* floorTex3.bmp */ = {isa = PBXFileReference; lastKnownFileType = image.bmp; path = floorTex3.bmp; sourceTree = "<group>"; };
		E84F896221A9097600FECB69 /* roofTex1.bmp */ = {isa = PBXFileReference; lastKnownFileType = image.bmp; path = roofTex1.bmp; sourceTree = "<group>"; };
		E84F896321A90AE500FECB69 /* roofTex2.bmp */ = {isa = PBXFileReference; lastKnownFileType = image.bmp; path = roofTex2.bmp; sourceTree = "<group>"; };
		E84F896721A90FE400FECB69 /* roofTex3.bmp */ = {isa = PBXFileReference; lastKnownFileType = image.bmp; path = roofTex3.bmp; sourceTree = "<group>"; };
		E84F896921A9130B00FECB69 /* floorTex5.bmp */ = {isa = PBXFileReference; lastKnownFileType = image.bmp; path = floorTex5.bmp; sourceTree = "<group>"; };
		E84F896B21A9154600FECB69 /* floorTex6.bmp */ = {isa = PBXFileReference; lastKnownFileType = image.bmp; path = floorTex6.bmp; sourceTree = "<group>"; };
		E84F896C21A9161400FECB69 /* floorTex4.bmp */ = {isa = PBXFileReference; lastKnownFileType = image.bmp; path = floorTex4.bmp; sourceTree = "<group>"; };
		E84F896F21AE407700FECB69 /* steelGradient.bmp */ = {isa = PBXFileReference; lastKnownFileType = image.bmp; path = steelGradient.bmp; sourceTree = "<group>"; };
		E84F897321AF562E00FECB69 /* Stb_image.cpp */ = {isa = PBXFileReference; lastKnownFileType = sourcecode.cpp.cpp; path = Stb_image.cpp; sourceTree = "<group>"; };
		E84F897721AFAB1E00FECB69 /* smoke1.png */ = {isa = PBXFileReference; lastKnownFileType = image.png; path = smoke1.png; sourceTree = "<group>"; };
		E84F897821B04D5200FECB69 /* Missile.cpp */ = {isa = PBXFileReference; lastKnownFileType = sourcecode.cpp.cpp; path = Missile.cpp; sourceTree = "<group>"; };
		E84F897921B04D5200FECB69 /* Missile.hpp */ = {isa = PBXFileReference; lastKnownFileType = sourcecode.cpp.h; path = Missile.hpp; sourceTree = "<group>"; };
		E88D5E1C21B0D8C00068214D /* DroneAI.cpp */ = {isa = PBXFileReference; lastKnownFileType = sourcecode.cpp.cpp; path = DroneAI.cpp; sourceTree = "<group>"; };
		E88D5E1D21B0D8C00068214D /* DroneAI.hpp */ = {isa = PBXFileReference; lastKnownFileType = sourcecode.cpp.h; path = DroneAI.hpp; sourceTree = "<group>"; };
		E88D5E2721B1D95D0068214D /* CityMetaData3.txt */ = {isa = PBXFileReference; lastKnownFileType = text; path = CityMetaData3.txt; sourceTree = "<group>"; };
		E88D5E2A21B1EC580068214D /* street.bmp */ = {isa = PBXFileReference; lastKnownFileType = image.bmp; path = street.bmp; sourceTree = "<group>"; };
		E88D5E2D21B3633B0068214D /* skybox1.bmp */ = {isa = PBXFileReference; lastKnownFileType = image.bmp; path = skybox1.bmp; sourceTree = "<group>"; };
		E88D5E3121B3AB900068214D /* blast.bmp */ = {isa = PBXFileReference; lastKnownFileType = image.bmp; path = blast.bmp; sourceTree = "<group>"; };
		E88D5E3321B453030068214D /* cityGround2.bmp */ = {isa = PBXFileReference; lastKnownFileType = image.bmp; path = cityGround2.bmp; sourceTree = "<group>"; };
/* End PBXFileReference section */

/* Begin PBXFrameworksBuildPhase section */
		E84F88FF219F90DD00FECB69 /* Frameworks */ = {
			isa = PBXFrameworksBuildPhase;
			buildActionMask = 2147483647;
			files = (
				E84F8910219F915200FECB69 /* GLUT.framework in Frameworks */,
				E84F890E219F914C00FECB69 /* OpenGL.framework in Frameworks */,
			);
			runOnlyForDeploymentPostprocessing = 0;
		};
/* End PBXFrameworksBuildPhase section */

/* Begin PBXGroup section */
		E8392CAF21B5A75F0051D4F7 /* Textures */ = {
			isa = PBXGroup;
			children = (
				E84F895B21A8DE9D00FECB69 /* floorTex1.bmp */,
				E88D5E2A21B1EC580068214D /* street.bmp */,
				E88D5E3121B3AB900068214D /* blast.bmp */,
				E84F896721A90FE400FECB69 /* roofTex3.bmp */,
				E84F896221A9097600FECB69 /* roofTex1.bmp */,
				E84F896321A90AE500FECB69 /* roofTex2.bmp */,
				E84F895C21A8E00200FECB69 /* floorTex2.bmp */,
				E84F895F21A8E2B700FECB69 /* floorTex3.bmp */,
				E84F896C21A9161400FECB69 /* floorTex4.bmp */,
				E84F896921A9130B00FECB69 /* floorTex5.bmp */,
				E84F896B21A9154600FECB69 /* floorTex6.bmp */,
				E88D5E3321B453030068214D /* cityGround2.bmp */,
				E84F896F21AE407700FECB69 /* steelGradient.bmp */,
				E88D5E2D21B3633B0068214D /* skybox1.bmp */,
				E82270B921B0C3FC0037E2B8 /* missileTex1.bmp */,
				E84F894221A265BF00FECB69 /* redMetal2.bmp */,
				E84F897721AFAB1E00FECB69 /* smoke1.png */,
			);
			path = Textures;
			sourceTree = "<group>";
		};
		E8392CB021B5A7910051D4F7 /* Shaders */ = {
			isa = PBXGroup;
			children = (
				E8107E4421B4E45200D0558F /* fShader.glsl */,
				E8107E4521B4E45200D0558F /* vShader.glsl */,
			);
			path = Shaders;
			sourceTree = "<group>";
		};
		E84F88F9219F90DD00FECB69 = {
			isa = PBXGroup;
			children = (
				E84F8904219F90DD00FECB69 /* CityBattleDrones */,
				E84F8903219F90DD00FECB69 /* Products */,
				E84F890C219F914C00FECB69 /* Frameworks */,
			);
			sourceTree = "<group>";
		};
		E84F8903219F90DD00FECB69 /* Products */ = {
			isa = PBXGroup;
			children = (
				E84F8902219F90DD00FECB69 /* CityBattleDrones */,
			);
			name = Products;
			sourceTree = "<group>";
		};
		E84F8904219F90DD00FECB69 /* CityBattleDrones */ = {
			isa = PBXGroup;
			children = (
				E84F897321AF562E00FECB69 /* Stb_image.cpp */,
				E84F897821B04D5200FECB69 /* Missile.cpp */,
				E84F897921B04D5200FECB69 /* Missile.hpp */,
				E84F8916219F91AE00FECB69 /* Drone.cpp */,
				E84F8914219F91AE00FECB69 /* Drone.hpp */,
				E88D5E1C21B0D8C00068214D /* DroneAI.cpp */,
				E88D5E1D21B0D8C00068214D /* DroneAI.hpp */,
				E84F8913219F91AE00FECB69 /* DroneArm.cpp */,
				E84F891C219F91AF00FECB69 /* DroneArm.hpp */,
				E84F891B219F91AF00FECB69 /* main.cpp */,
				E84F891E219F91AF00FECB69 /* Propeller.cpp */,
				E84F891D219F91AF00FECB69 /* Propeller.hpp */,
				E84F892D21A09FC300FECB69 /* Vector3D.cpp */,
				E84F892E21A09FC300FECB69 /* Vector3D.hpp */,
				E84F895421A8898000FECB69 /* Vector2D.cpp */,
				E84F895521A8898000FECB69 /* Vector2D.hpp */,
				E84F893221A0A92900FECB69 /* Polygon.cpp */,
				E84F893121A0A92900FECB69 /* Polygon.hpp */,
				E84F893021A0A92900FECB69 /* PrismMesh.cpp */,
				E84F893321A0A92900FECB69 /* PrismMesh.hpp */,
				E84F893621A0C5C000FECB69 /* Camera.cpp */,
				E84F893721A0C5C000FECB69 /* Camera.hpp */,
				E8392CB121B62A1B0051D4F7 /* Building.cpp */,
				E8392CB321B62A1C0051D4F7 /* Building.hpp */,
				E8392CB221B62A1C0051D4F7 /* Street.cpp */,
				E8392CB421B62A1C0051D4F7 /* Street.hpp */,
				E84F895021A781AF00FECB69 /* Spline.cpp */,
				E88D5E2721B1D95D0068214D /* CityMetaData3.txt */,
				E8392CB021B5A7910051D4F7 /* Shaders */,
				E8392CAF21B5A75F0051D4F7 /* Textures */,
			);
			path = CityBattleDrones;
			sourceTree = "<group>";
		};
		E84F890C219F914C00FECB69 /* Frameworks */ = {
			isa = PBXGroup;
			children = (
				E84F890F219F915200FECB69 /* GLUT.framework */,
				E84F890D219F914C00FECB69 /* OpenGL.framework */,
			);
			name = Frameworks;
			sourceTree = "<group>";
		};
/* End PBXGroup section */

/* Begin PBXNativeTarget section */
		E84F8901219F90DD00FECB69 /* CityBattleDrones */ = {
			isa = PBXNativeTarget;
			buildConfigurationList = E84F8909219F90DD00FECB69 /* Build configuration list for PBXNativeTarget "CityBattleDrones" */;
			buildPhases = (
				E84F88FE219F90DD00FECB69 /* Sources */,
				E84F88FF219F90DD00FECB69 /* Frameworks */,
				E84F8900219F90DD00FECB69 /* CopyFiles */,
			);
			buildRules = (
			);
			dependencies = (
			);
			name = CityBattleDrones;
			productName = CityBattleDrones;
			productReference = E84F8902219F90DD00FECB69 /* CityBattleDrones */;
			productType = "com.apple.product-type.tool";
		};
/* End PBXNativeTarget section */

/* Begin PBXProject section */
		E84F88FA219F90DD00FECB69 /* Project object */ = {
			isa = PBXProject;
			attributes = {
				LastUpgradeCheck = 1010;
				ORGANIZATIONNAME = "Alessandro Profenna";
				TargetAttributes = {
					E84F8901219F90DD00FECB69 = {
						CreatedOnToolsVersion = 10.1;
					};
				};
			};
			buildConfigurationList = E84F88FD219F90DD00FECB69 /* Build configuration list for PBXProject "CityBattleDrones" */;
			compatibilityVersion = "Xcode 9.3";
			developmentRegion = en;
			hasScannedForEncodings = 0;
			knownRegions = (
				en,
			);
			mainGroup = E84F88F9219F90DD00FECB69;
			productRefGroup = E84F8903219F90DD00FECB69 /* Products */;
			projectDirPath = "";
			projectRoot = "";
			targets = (
				E84F8901219F90DD00FECB69 /* CityBattleDrones */,
			);
		};
/* End PBXProject section */

/* Begin PBXSourcesBuildPhase section */
		E84F88FE219F90DD00FECB69 /* Sources */ = {
			isa = PBXSourcesBuildPhase;
			buildActionMask = 2147483647;
			files = (
				E84F897A21B04D5200FECB69 /* Missile.cpp in Sources */,
				E84F8924219F91AF00FECB69 /* main.cpp in Sources */,
				E84F893521A0A92900FECB69 /* Polygon.cpp in Sources */,
				E84F897421AF562E00FECB69 /* Stb_image.cpp in Sources */,
				E84F895621A8898000FECB69 /* Vector2D.cpp in Sources */,
				E84F8925219F91AF00FECB69 /* Propeller.cpp in Sources */,
				E84F895121A781AF00FECB69 /* Spline.cpp in Sources */,
				E84F8922219F91AF00FECB69 /* Drone.cpp in Sources */,
				E84F893821A0C5C000FECB69 /* Camera.cpp in Sources */,
				E84F8921219F91AF00FECB69 /* DroneArm.cpp in Sources */,
				E84F893421A0A92900FECB69 /* PrismMesh.cpp in Sources */,
				E88D5E1E21B0D8C00068214D /* DroneAI.cpp in Sources */,
				E8392CB621B62A1C0051D4F7 /* Street.cpp in Sources */,
				E84F892F21A09FC300FECB69 /* Vector3D.cpp in Sources */,
				E8392CB521B62A1C0051D4F7 /* Building.cpp in Sources */,
			);
			runOnlyForDeploymentPostprocessing = 0;
		};
/* End PBXSourcesBuildPhase section */

/* Begin XCBuildConfiguration section */
		E84F8907219F90DD00FECB69 /* Debug */ = {
			isa = XCBuildConfiguration;
			buildSettings = {
				ALWAYS_SEARCH_USER_PATHS = NO;
				CLANG_ANALYZER_NONNULL = YES;
				CLANG_ANALYZER_NUMBER_OBJECT_CONVERSION = YES_AGGRESSIVE;
				CLANG_CXX_LANGUAGE_STANDARD = "gnu++14";
				CLANG_CXX_LIBRARY = "libc++";
				CLANG_ENABLE_MODULES = YES;
				CLANG_ENABLE_OBJC_ARC = YES;
				CLANG_ENABLE_OBJC_WEAK = YES;
				CLANG_WARN_BLOCK_CAPTURE_AUTORELEASING = YES;
				CLANG_WARN_BOOL_CONVERSION = YES;
				CLANG_WARN_COMMA = YES;
				CLANG_WARN_CONSTANT_CONVERSION = YES;
				CLANG_WARN_DEPRECATED_OBJC_IMPLEMENTATIONS = YES;
				CLANG_WARN_DIRECT_OBJC_ISA_USAGE = YES_ERROR;
				CLANG_WARN_DOCUMENTATION_COMMENTS = YES;
				CLANG_WARN_EMPTY_BODY = YES;
				CLANG_WARN_ENUM_CONVERSION = YES;
				CLANG_WARN_INFINITE_RECURSION = YES;
				CLANG_WARN_INT_CONVERSION = YES;
				CLANG_WARN_NON_LITERAL_NULL_CONVERSION = YES;
				CLANG_WARN_OBJC_IMPLICIT_RETAIN_SELF = YES;
				CLANG_WARN_OBJC_LITERAL_CONVERSION = YES;
				CLANG_WARN_OBJC_ROOT_CLASS = YES_ERROR;
				CLANG_WARN_RANGE_LOOP_ANALYSIS = YES;
				CLANG_WARN_STRICT_PROTOTYPES = YES;
				CLANG_WARN_SUSPICIOUS_MOVE = YES;
				CLANG_WARN_UNGUARDED_AVAILABILITY = YES_AGGRESSIVE;
				CLANG_WARN_UNREACHABLE_CODE = YES;
				CLANG_WARN__DUPLICATE_METHOD_MATCH = YES;
				CODE_SIGN_IDENTITY = "-";
				COPY_PHASE_STRIP = NO;
				DEBUG_INFORMATION_FORMAT = dwarf;
				ENABLE_STRICT_OBJC_MSGSEND = YES;
				ENABLE_TESTABILITY = YES;
				GCC_C_LANGUAGE_STANDARD = gnu11;
				GCC_DYNAMIC_NO_PIC = NO;
				GCC_NO_COMMON_BLOCKS = YES;
				GCC_OPTIMIZATION_LEVEL = 0;
				GCC_PREPROCESSOR_DEFINITIONS = (
					"DEBUG=1",
					"$(inherited)",
				);
				GCC_WARN_64_TO_32_BIT_CONVERSION = YES;
				GCC_WARN_ABOUT_RETURN_TYPE = YES_ERROR;
				GCC_WARN_UNDECLARED_SELECTOR = YES;
				GCC_WARN_UNINITIALIZED_AUTOS = YES_AGGRESSIVE;
				GCC_WARN_UNUSED_FUNCTION = YES;
				GCC_WARN_UNUSED_VARIABLE = YES;
				MACOSX_DEPLOYMENT_TARGET = 10.13;
				MTL_ENABLE_DEBUG_INFO = INCLUDE_SOURCE;
				MTL_FAST_MATH = YES;
				ONLY_ACTIVE_ARCH = YES;
				SDKROOT = macosx;
			};
			name = Debug;
		};
		E84F8908219F90DD00FECB69 /* Release */ = {
			isa = XCBuildConfiguration;
			buildSettings = {
				ALWAYS_SEARCH_USER_PATHS = NO;
				CLANG_ANALYZER_NONNULL = YES;
				CLANG_ANALYZER_NUMBER_OBJECT_CONVERSION = YES_AGGRESSIVE;
				CLANG_CXX_LANGUAGE_STANDARD = "gnu++14";
				CLANG_CXX_LIBRARY = "libc++";
				CLANG_ENABLE_MODULES = YES;
				CLANG_ENABLE_OBJC_ARC = YES;
				CLANG_ENABLE_OBJC_WEAK = YES;
				CLANG_WARN_BLOCK_CAPTURE_AUTORELEASING = YES;
				CLANG_WARN_BOOL_CONVERSION = YES;
				CLANG_WARN_COMMA = YES;
				CLANG_WARN_CONSTANT_CONVERSION = YES;
				CLANG_WARN_DEPRECATED_OBJC_IMPLEMENTATIONS = YES;
				CLANG_WARN_DIRECT_OBJC_ISA_USAGE = YES_ERROR;
				CLANG_WARN_DOCUMENTATION_COMMENTS = YES;
				CLANG_WARN_EMPTY_BODY = YES;
				CLANG_WARN_ENUM_CONVERSION = YES;
				CLANG_WARN_INFINITE_RECURSION = YES;
				CLANG_WARN_INT_CONVERSION = YES;
				CLANG_WARN_NON_LITERAL_NULL_CONVERSION = YES;
				CLANG_WARN_OBJC_IMPLICIT_RETAIN_SELF = YES;
				CLANG_WARN_OBJC_LITERAL_CONVERSION = YES;
				CLANG_WARN_OBJC_ROOT_CLASS = YES_ERROR;
				CLANG_WARN_RANGE_LOOP_ANALYSIS = YES;
				CLANG_WARN_STRICT_PROTOTYPES = YES;
				CLANG_WARN_SUSPICIOUS_MOVE = YES;
				CLANG_WARN_UNGUARDED_AVAILABILITY = YES_AGGRESSIVE;
				CLANG_WARN_UNREACHABLE_CODE = YES;
				CLANG_WARN__DUPLICATE_METHOD_MATCH = YES;
				CODE_SIGN_IDENTITY = "-";
				COPY_PHASE_STRIP = NO;
				DEBUG_INFORMATION_FORMAT = "dwarf-with-dsym";
				ENABLE_NS_ASSERTIONS = NO;
				ENABLE_STRICT_OBJC_MSGSEND = YES;
				GCC_C_LANGUAGE_STANDARD = gnu11;
				GCC_NO_COMMON_BLOCKS = YES;
				GCC_WARN_64_TO_32_BIT_CONVERSION = YES;
				GCC_WARN_ABOUT_RETURN_TYPE = YES_ERROR;
				GCC_WARN_UNDECLARED_SELECTOR = YES;
				GCC_WARN_UNINITIALIZED_AUTOS = YES_AGGRESSIVE;
				GCC_WARN_UNUSED_FUNCTION = YES;
				GCC_WARN_UNUSED_VARIABLE = YES;
				MACOSX_DEPLOYMENT_TARGET = 10.13;
				MTL_ENABLE_DEBUG_INFO = NO;
				MTL_FAST_MATH = YES;
				SDKROOT = macosx;
			};
			name = Release;
		};
		E84F890A219F90DD00FECB69 /* Debug */ = {
			isa = XCBuildConfiguration;
			buildSettings = {
				CODE_SIGN_STYLE = Automatic;
				PRODUCT_NAME = "$(TARGET_NAME)";
			};
			name = Debug;
		};
		E84F890B219F90DD00FECB69 /* Release */ = {
			isa = XCBuildConfiguration;
			buildSettings = {
				CODE_SIGN_STYLE = Automatic;
				PRODUCT_NAME = "$(TARGET_NAME)";
			};
			name = Release;
		};
/* End XCBuildConfiguration section */

/* Begin XCConfigurationList section */
		E84F88FD219F90DD00FECB69 /* Build configuration list for PBXProject "CityBattleDrones" */ = {
			isa = XCConfigurationList;
			buildConfigurations = (
				E84F8907219F90DD00FECB69 /* Debug */,
				E84F8908219F90DD00FECB69 /* Release */,
			);
			defaultConfigurationIsVisible = 0;
			defaultConfigurationName = Release;
		};
		E84F8909219F90DD00FECB69 /* Build configuration list for PBXNativeTarget "CityBattleDrones" */ = {
			isa = XCConfigurationList;
			buildConfigurations = (
				E84F890A219F90DD00FECB69 /* Debug */,
				E84F890B219F90DD00FECB69 /* Release */,
			);
			defaultConfigurationIsVisible = 0;
			defaultConfigurationName = Release;
		};
/* End XCConfigurationList section */
	};
	rootObject = E84F88FA219F90DD00FECB69 /* Project object */;
}
